{
  "version": 4,
  "terraform_version": "1.0.10",
  "serial": 10,
  "lineage": "554c0635-026e-5055-1d49-e4d737cadb4f",
  "outputs": {
    "instance_ip": {
      "value": "54.170.18.227",
      "type": "string"
    }
  },
  "resources": [
    {
      "mode": "managed",
      "type": "aws_instance",
      "name": "bot_server",
      "provider": "provider[\"registry.terraform.io/hashicorp/aws\"]",
      "instances": [
        {
          "schema_version": 1,
          "attributes": {
            "ami": "ami-09ac4fc4f947dfc5d",
            "arn": "arn:aws:ec2:eu-west-1:508178820212:instance/i-01fe16c9d28e8a29d",
            "associate_public_ip_address": true,
            "availability_zone": "eu-west-1c",
            "capacity_reservation_specification": [
              {
                "capacity_reservation_preference": "open",
                "capacity_reservation_target": []
              }
            ],
            "cpu_core_count": 2,
            "cpu_threads_per_core": 1,
            "credit_specification": [],
            "disable_api_termination": false,
            "ebs_block_device": [],
            "ebs_optimized": false,
            "enclave_options": [
              {
                "enabled": false
              }
            ],
            "ephemeral_block_device": [],
            "get_password_data": false,
            "hibernation": false,
            "host_id": null,
            "iam_instance_profile": "",
            "id": "i-01fe16c9d28e8a29d",
            "instance_initiated_shutdown_behavior": "stop",
            "instance_state": "running",
            "instance_type": "t4g.micro",
            "ipv6_address_count": 0,
            "ipv6_addresses": [],
            "key_name": "ssh-key",
            "launch_template": [],
            "metadata_options": [
              {
                "http_endpoint": "enabled",
                "http_put_response_hop_limit": 1,
                "http_tokens": "optional"
              }
            ],
            "monitoring": false,
            "network_interface": [],
            "outpost_arn": "",
            "password_data": "",
            "placement_group": "",
            "placement_partition_number": null,
            "primary_network_interface_id": "eni-0d904f6656401e017",
            "private_dns": "ip-172-31-29-227.eu-west-1.compute.internal",
            "private_ip": "172.31.29.227",
            "public_dns": "ec2-54-170-18-227.eu-west-1.compute.amazonaws.com",
            "public_ip": "54.170.18.227",
            "root_block_device": [
              {
                "delete_on_termination": true,
                "device_name": "/dev/sda1",
                "encrypted": false,
                "iops": 105,
                "kms_key_id": "",
                "tags": {},
                "throughput": 0,
                "volume_id": "vol-08af2c385a6583884",
                "volume_size": 35,
                "volume_type": "gp2"
              }
            ],
            "secondary_private_ips": [],
            "security_groups": [
              "default"
            ],
            "source_dest_check": true,
            "subnet_id": "subnet-0346a6a512253d9cb",
            "tags": {
              "Name": "HussbotServer"
            },
            "tags_all": {
              "Name": "HussbotServer"
            },
            "tenancy": "default",
            "timeouts": null,
            "user_data": null,
            "user_data_base64": null,
            "volume_tags": null,
            "vpc_security_group_ids": [
              "sg-00cee29adcb5d9e7a"
            ]
          },
          "sensitive_attributes": [],
          "private": "eyJlMmJmYjczMC1lY2FhLTExZTYtOGY4OC0zNDM2M2JjN2M0YzAiOnsiY3JlYXRlIjo2MDAwMDAwMDAwMDAsImRlbGV0ZSI6MTIwMDAwMDAwMDAwMCwidXBkYXRlIjo2MDAwMDAwMDAwMDB9LCJzY2hlbWFfdmVyc2lvbiI6IjEifQ==",
          "dependencies": [
            "aws_security_group.main"
          ]
        }
      ]
    },
    {
      "mode": "managed",
      "type": "aws_key_pair",
      "name": "ssh-key",
      "provider": "provider[\"registry.terraform.io/hashicorp/aws\"]",
      "instances": [
        {
          "schema_version": 1,
          "attributes": {
            "arn": "arn:aws:ec2:eu-west-1:508178820212:key-pair/ssh-key",
            "fingerprint": "1d:8d:60:70:84:b4:78:98:bd:8c:f6:7a:26:76:9d:5e",
            "id": "ssh-key",
            "key_name": "ssh-key",
            "key_name_prefix": null,
            "key_pair_id": "key-0e5c8a433f20f1913",
            "public_key": "ssh-rsa AAAAB3NzaC1yc2EAAAADAQABAAACAQCu/yECoa8pHgLejCuNQrn0CWQB/jQbpALPbf/ZUhbEhbDPNU8lFOIZ9lKvFHnhM/dTq6qVILPJiJ653K1OwjHWfng7HnQfJ46I5qR2SJQo91phJKHhXuPkPVg/geWfE5QI6tNqK/YTRSabn1iSk7Ad0mmpTD2jdadtu/mTooTraP3ge56Xw9OfvvhAteOeqMwu4w7TeQ3tTi/jaWnAvPvpg+PB/Q84vYFgwJB+58pll6RHjRvCgCaB0WQovpV4OcCHqUmkh7Z3iGIan9XJgjyMTBWkkt1fgvvgM7FE6Bx/bD4hRL9sZwBErAWCimrollUaTfWx5+qTNoQya34y/RKJY8IQtTX0g009D59CLtnbGzIoradg4+uD46FntPKBxIYmlZMLzB33lJ6muQro1XvspI+RnNXuBjZybEDoLBX3m4Rm09Q9nqX5KUos/FzeqIXp3x95+nCOBZ9H6n31H9/+PjwgmrhvFscl50lgNRaDXw/xbq3VOd4ixccoDMswE8YAQXIUUNqk6Ie7qgMWCtlMw3ONm+u3MNA6JCjRlIroYxM+CKSqNWHEhME+W4fRiGxFef8wNBPaYIxHxPTKIAftlb6UzlD/4grFWwL8g1ZyHWtqw/3wC5V9dP1j2e9UGBR/XE2QbkK8rzGgLTDyJ41s7LUcXsZyxu/3jvqtWdJCjQ== shox@DESKTOP-JR22FJS",
            "tags": {},
            "tags_all": {}
          },
          "sensitive_attributes": [],
          "private": "eyJzY2hlbWFfdmVyc2lvbiI6IjEifQ=="
        }
      ]
    },
    {
      "mode": "managed",
      "type": "aws_security_group",
      "name": "main",
      "provider": "provider[\"registry.terraform.io/hashicorp/aws\"]",
      "instances": [
        {
          "schema_version": 1,
          "attributes": {
            "arn": "arn:aws:ec2:eu-west-1:508178820212:security-group/sg-00cee29adcb5d9e7a",
            "description": "Managed by Terraform",
            "egress": [
              {
                "cidr_blocks": [
                  "0.0.0.0/0"
                ],
                "description": "",
                "from_port": 0,
                "ipv6_cidr_blocks": [],
                "prefix_list_ids": [],
                "protocol": "-1",
                "security_groups": [],
                "self": false,
                "to_port": 0
              }
            ],
            "id": "sg-00cee29adcb5d9e7a",
            "ingress": [
              {
                "cidr_blocks": [
                  "0.0.0.0/0"
                ],
                "description": "",
                "from_port": 22,
                "ipv6_cidr_blocks": [],
                "prefix_list_ids": [],
                "protocol": "tcp",
                "security_groups": [],
                "self": false,
                "to_port": 22
              }
            ],
            "name": "terraform-20211110190650387200000001",
            "name_prefix": "terraform-",
            "owner_id": "508178820212",
            "revoke_rules_on_delete": false,
            "tags": {},
            "tags_all": {},
            "timeouts": null,
            "vpc_id": "vpc-0672f1dfdb577331d"
          },
          "sensitive_attributes": [],
          "private": "eyJlMmJmYjczMC1lY2FhLTExZTYtOGY4OC0zNDM2M2JjN2M0YzAiOnsiY3JlYXRlIjo2MDAwMDAwMDAwMDAsImRlbGV0ZSI6OTAwMDAwMDAwMDAwfSwic2NoZW1hX3ZlcnNpb24iOiIxIn0="
        }
      ]
    }
  ]
}
